
Microsoft Visual Studio Solution File, Format Version 12.00
# Visual Studio Version 16
VisualStudioVersion = 16.0.31702.278
MinimumVisualStudioVersion = 10.0.40219.1
Project("{FAE04EC0-301F-11D3-BF4B-00C04F79EFBC}") = "ProxyDraftor", "ProxyDraftor.csproj", "{8EBE09EE-17CB-4B7C-976E-21C4F5D726CE}"
EndProject
Global
	GlobalSection(SolutionConfigurationPlatforms) = preSolution
		Debug|Any CPU = Debug|Any CPU
		Release|Any CPU = Release|Any CPU
	EndGlobalSection
	GlobalSection(ProjectConfigurationPlatforms) = postSolution
		{8EBE09EE-17CB-4B7C-976E-21C4F5D726CE}.Debug|Any CPU.ActiveCfg = Debug|Any CPU
		{8EBE09EE-17CB-4B7C-976E-21C4F5D726CE}.Debug|Any CPU.Build.0 = Debug|Any CPU
		{8EBE09EE-17CB-4B7C-976E-21C4F5D726CE}.Release|Any CPU.ActiveCfg = Release|Any CPU
		{8EBE09EE-17CB-4B7C-976E-21C4F5D726CE}.Release|Any CPU.Build.0 = Release|Any CPU
	EndGlobalSection
	GlobalSection(SolutionProperties) = preSolution
		HideSolutionNode = FALSE
	EndGlobalSection
	GlobalSection(ExtensibilityGlobals) = postSolution
		SolutionGuid = {E32C1372-BCB8-4467-95EA-33C7E72E45F5}
	EndGlobalSection
EndGlobal
